
Microsoft Visual Studio Solution File, Format Version 12.00
# Visual Studio Version 16
VisualStudioVersion = 16.0.29911.84
MinimumVisualStudioVersion = 10.0.40219.1
Project("{FAE04EC0-301F-11D3-BF4B-00C04F79EFBC}") = "Module6", "Module6.csproj", "{13F4EC94-4730-471A-BED9-10B129380B41}"
EndProject
Project("{FAE04EC0-301F-11D3-BF4B-00C04F79EFBC}") = "Module5-TP2", "..\Module5-TP2\Module5-TP2.csproj", "{1460FED5-AEC1-4754-93F3-C913453D8228}"
EndProject
Global
	GlobalSection(SolutionConfigurationPlatforms) = preSolution
		Debug|Any CPU = Debug|Any CPU
		Release|Any CPU = Release|Any CPU
	EndGlobalSection
	GlobalSection(ProjectConfigurationPlatforms) = postSolution
		{13F4EC94-4730-471A-BED9-10B129380B41}.Debug|Any CPU.ActiveCfg = Debug|Any CPU
		{13F4EC94-4730-471A-BED9-10B129380B41}.Debug|Any CPU.Build.0 = Debug|Any CPU
		{13F4EC94-4730-471A-BED9-10B129380B41}.Release|Any CPU.ActiveCfg = Release|Any CPU
		{13F4EC94-4730-471A-BED9-10B129380B41}.Release|Any CPU.Build.0 = Release|Any CPU
		{1460FED5-AEC1-4754-93F3-C913453D8228}.Debug|Any CPU.ActiveCfg = Debug|Any CPU
		{1460FED5-AEC1-4754-93F3-C913453D8228}.Debug|Any CPU.Build.0 = Debug|Any CPU
		{1460FED5-AEC1-4754-93F3-C913453D8228}.Release|Any CPU.ActiveCfg = Release|Any CPU
		{1460FED5-AEC1-4754-93F3-C913453D8228}.Release|Any CPU.Build.0 = Release|Any CPU
	EndGlobalSection
	GlobalSection(SolutionProperties) = preSolution
		HideSolutionNode = FALSE
	EndGlobalSection
	GlobalSection(ExtensibilityGlobals) = postSolution
		SolutionGuid = {5C46948D-3B86-4A1A-8E47-1A8587B9C392}
	EndGlobalSection
EndGlobal
